// !$*UTF8*$!
{
	archiveVersion = 1;
	classes = {
	};
	objectVersion = 51;
	objects = {

/* Begin PBXBuildFile section */
		C10960492562E5B800BB3A55 /* NotificationName++.swift in Sources */ = {isa = PBXBuildFile; fileRef = C10960482562E5B800BB3A55 /* NotificationName++.swift */; };
		C1276647255B58C800553686 /* Array+push.swift in Sources */ = {isa = PBXBuildFile; fileRef = C1276646255B58C800553686 /* Array+push.swift */; };
		C146CBCA256473CF0025ACF7 /* ScreenDimensions.swift in Sources */ = {isa = PBXBuildFile; fileRef = C146CBC9256473CF0025ACF7 /* ScreenDimensions.swift */; };
		C1497743255B525400339C75 /* String+Truncate.swift in Sources */ = {isa = PBXBuildFile; fileRef = C1497742255B525400339C75 /* String+Truncate.swift */; };
		C14F0889255A26EF00E237E8 /* AppDelegate.swift in Sources */ = {isa = PBXBuildFile; fileRef = C14F0888255A26EF00E237E8 /* AppDelegate.swift */; };
		C14F088B255A26EF00E237E8 /* QuickViewController.swift in Sources */ = {isa = PBXBuildFile; fileRef = C14F088A255A26EF00E237E8 /* QuickViewController.swift */; };
		C14F088D255A26F100E237E8 /* Assets.xcassets in Resources */ = {isa = PBXBuildFile; fileRef = C14F088C255A26F100E237E8 /* Assets.xcassets */; };
		C14F0890255A26F100E237E8 /* Main.storyboard in Resources */ = {isa = PBXBuildFile; fileRef = C14F088E255A26F100E237E8 /* Main.storyboard */; };
		C14F089D255A307000E237E8 /* ClipBoardMenu.swift in Sources */ = {isa = PBXBuildFile; fileRef = C14F089C255A307000E237E8 /* ClipBoardMenu.swift */; };
		C16604A725628B1100F6B859 /* ShortCutManager.swift in Sources */ = {isa = PBXBuildFile; fileRef = C16604A625628B1100F6B859 /* ShortCutManager.swift */; };
		C18507CF255C4E6F009E8DD2 /* EventManager.swift in Sources */ = {isa = PBXBuildFile; fileRef = C18507CD255C4E6F009E8DD2 /* EventManager.swift */; };
		C18507D0255C4E6F009E8DD2 /* ClipManager.swift in Sources */ = {isa = PBXBuildFile; fileRef = C18507CE255C4E6F009E8DD2 /* ClipManager.swift */; };
		D672400E75FAC374D6C0BC9E /* Pods_ClipRecorder.framework in Frameworks */ = {isa = PBXBuildFile; fileRef = 2058449879A3829C0D7BDF98 /* Pods_ClipRecorder.framework */; };
/* End PBXBuildFile section */

/* Begin PBXFileReference section */
		2058449879A3829C0D7BDF98 /* Pods_ClipRecorder.framework */ = {isa = PBXFileReference; explicitFileType = wrapper.framework; includeInIndex = 0; path = Pods_ClipRecorder.framework; sourceTree = BUILT_PRODUCTS_DIR; };
		6233057ED0687896E04A37C4 /* Pods-ClipRecorder.release.xcconfig */ = {isa = PBXFileReference; includeInIndex = 1; lastKnownFileType = text.xcconfig; name = "Pods-ClipRecorder.release.xcconfig"; path = "Target Support Files/Pods-ClipRecorder/Pods-ClipRecorder.release.xcconfig"; sourceTree = "<group>"; };
		C10960482562E5B800BB3A55 /* NotificationName++.swift */ = {isa = PBXFileReference; lastKnownFileType = sourcecode.swift; name = "NotificationName++.swift"; path = "ClipRecorder/Extensions/NotificationName++.swift"; sourceTree = SOURCE_ROOT; };
		C1276646255B58C800553686 /* Array+push.swift */ = {isa = PBXFileReference; lastKnownFileType = sourcecode.swift; path = "Array+push.swift"; sourceTree = "<group>"; };
		C146CBC9256473CF0025ACF7 /* ScreenDimensions.swift */ = {isa = PBXFileReference; lastKnownFileType = sourcecode.swift; name = ScreenDimensions.swift; path = ClipRecorder/ScreenDimensions.swift; sourceTree = SOURCE_ROOT; };
		C1497742255B525400339C75 /* String+Truncate.swift */ = {isa = PBXFileReference; lastKnownFileType = sourcecode.swift; path = "String+Truncate.swift"; sourceTree = "<group>"; };
		C14F0885255A26EF00E237E8 /* ClipRecorder.app */ = {isa = PBXFileReference; explicitFileType = wrapper.application; includeInIndex = 0; path = ClipRecorder.app; sourceTree = BUILT_PRODUCTS_DIR; };
		C14F0888255A26EF00E237E8 /* AppDelegate.swift */ = {isa = PBXFileReference; lastKnownFileType = sourcecode.swift; path = AppDelegate.swift; sourceTree = "<group>"; };
		C14F088A255A26EF00E237E8 /* QuickViewController.swift */ = {isa = PBXFileReference; lastKnownFileType = sourcecode.swift; path = QuickViewController.swift; sourceTree = "<group>"; };
		C14F088C255A26F100E237E8 /* Assets.xcassets */ = {isa = PBXFileReference; lastKnownFileType = folder.assetcatalog; path = Assets.xcassets; sourceTree = "<group>"; };
		C14F088F255A26F100E237E8 /* Base */ = {isa = PBXFileReference; lastKnownFileType = file.storyboard; name = Base; path = Base.lproj/Main.storyboard; sourceTree = "<group>"; };
		C14F0891255A26F100E237E8 /* Info.plist */ = {isa = PBXFileReference; lastKnownFileType = text.plist.xml; path = Info.plist; sourceTree = "<group>"; };
		C14F0892255A26F100E237E8 /* ClipRecorder.entitlements */ = {isa = PBXFileReference; lastKnownFileType = text.plist.entitlements; path = ClipRecorder.entitlements; sourceTree = "<group>"; };
		C14F089C255A307000E237E8 /* ClipBoardMenu.swift */ = {isa = PBXFileReference; lastKnownFileType = sourcecode.swift; path = ClipBoardMenu.swift; sourceTree = "<group>"; };
		C16604A625628B1100F6B859 /* ShortCutManager.swift */ = {isa = PBXFileReference; fileEncoding = 4; lastKnownFileType = sourcecode.swift; path = ShortCutManager.swift; sourceTree = "<group>"; };
		C18507CD255C4E6F009E8DD2 /* EventManager.swift */ = {isa = PBXFileReference; fileEncoding = 4; lastKnownFileType = sourcecode.swift; path = EventManager.swift; sourceTree = "<group>"; };
		C18507CE255C4E6F009E8DD2 /* ClipManager.swift */ = {isa = PBXFileReference; fileEncoding = 4; lastKnownFileType = sourcecode.swift; path = ClipManager.swift; sourceTree = "<group>"; };
		E02DE3EA8EEECECB58FA6643 /* Pods-ClipRecorder.debug.xcconfig */ = {isa = PBXFileReference; includeInIndex = 1; lastKnownFileType = text.xcconfig; name = "Pods-ClipRecorder.debug.xcconfig"; path = "Target Support Files/Pods-ClipRecorder/Pods-ClipRecorder.debug.xcconfig"; sourceTree = "<group>"; };
/* End PBXFileReference section */

/* Begin PBXFrameworksBuildPhase section */
		C14F0882255A26EF00E237E8 /* Frameworks */ = {
			isa = PBXFrameworksBuildPhase;
			buildActionMask = 2147483647;
			files = (
				D672400E75FAC374D6C0BC9E /* Pods_ClipRecorder.framework in Frameworks */,
			);
			runOnlyForDeploymentPostprocessing = 0;
		};
/* End PBXFrameworksBuildPhase section */

/* Begin PBXGroup section */
		8F97C1739BC393CF5A3E3310 /* Pods */ = {
			isa = PBXGroup;
			children = (
				E02DE3EA8EEECECB58FA6643 /* Pods-ClipRecorder.debug.xcconfig */,
				6233057ED0687896E04A37C4 /* Pods-ClipRecorder.release.xcconfig */,
			);
			path = Pods;
			sourceTree = "<group>";
		};
		BAF3619093D5A5AAC6E42998 /* Frameworks */ = {
			isa = PBXGroup;
			children = (
				2058449879A3829C0D7BDF98 /* Pods_ClipRecorder.framework */,
			);
			name = Frameworks;
			sourceTree = "<group>";
		};
		C1497745255B527000339C75 /* Extensions */ = {
			isa = PBXGroup;
			children = (
				C10960482562E5B800BB3A55 /* NotificationName++.swift */,
				C1497742255B525400339C75 /* String+Truncate.swift */,
				C1276646255B58C800553686 /* Array+push.swift */,
			);
			path = Extensions;
			sourceTree = "<group>";
		};
		C14F087C255A26EF00E237E8 = {
			isa = PBXGroup;
			children = (
				C14F0887255A26EF00E237E8 /* ClipRecorder */,
				C14F0886255A26EF00E237E8 /* Products */,
				8F97C1739BC393CF5A3E3310 /* Pods */,
				BAF3619093D5A5AAC6E42998 /* Frameworks */,
			);
			sourceTree = "<group>";
		};
		C14F0886255A26EF00E237E8 /* Products */ = {
			isa = PBXGroup;
			children = (
				C14F0885255A26EF00E237E8 /* ClipRecorder.app */,
			);
			name = Products;
			sourceTree = "<group>";
		};
		C14F0887255A26EF00E237E8 /* ClipRecorder */ = {
			isa = PBXGroup;
			children = (
				C146CBC9256473CF0025ACF7 /* ScreenDimensions.swift */,
				C1E70FD5255C4DFF00D8BE2E /* Controllers */,
				C18507CC255C4E6F009E8DD2 /* Managers */,
				C1497745255B527000339C75 /* Extensions */,
				C18507D2255C4E97009E8DD2 /* Delegates */,
				C14F088C255A26F100E237E8 /* Assets.xcassets */,
				C14F088E255A26F100E237E8 /* Main.storyboard */,
				C14F0891255A26F100E237E8 /* Info.plist */,
				C14F0892255A26F100E237E8 /* ClipRecorder.entitlements */,
			);
			path = ClipRecorder;
			sourceTree = "<group>";
		};
		C18507CC255C4E6F009E8DD2 /* Managers */ = {
			isa = PBXGroup;
			children = (
				C16604A625628B1100F6B859 /* ShortCutManager.swift */,
				C18507CD255C4E6F009E8DD2 /* EventManager.swift */,
				C18507CE255C4E6F009E8DD2 /* ClipManager.swift */,
			);
			name = Managers;
			path = ClipRecorder/Managers;
			sourceTree = SOURCE_ROOT;
		};
		C18507D2255C4E97009E8DD2 /* Delegates */ = {
			isa = PBXGroup;
			children = (
				C14F0888255A26EF00E237E8 /* AppDelegate.swift */,
			);
			path = Delegates;
			sourceTree = "<group>";
		};
		C1E70FD5255C4DFF00D8BE2E /* Controllers */ = {
			isa = PBXGroup;
			children = (
				C14F089C255A307000E237E8 /* ClipBoardMenu.swift */,
				C14F088A255A26EF00E237E8 /* QuickViewController.swift */,
			);
			path = Controllers;
			sourceTree = "<group>";
		};
/* End PBXGroup section */

/* Begin PBXNativeTarget section */
		C14F0884255A26EF00E237E8 /* ClipRecorder */ = {
			isa = PBXNativeTarget;
			buildConfigurationList = C14F0895255A26F100E237E8 /* Build configuration list for PBXNativeTarget "ClipRecorder" */;
			buildPhases = (
				3388851E2FE7DB62771E2803 /* [CP] Check Pods Manifest.lock */,
				C14F0881255A26EF00E237E8 /* Sources */,
				C14F0882255A26EF00E237E8 /* Frameworks */,
				C14F0883255A26EF00E237E8 /* Resources */,
				278F298F3E6144F883CAF13B /* [CP] Embed Pods Frameworks */,
			);
			buildRules = (
			);
			dependencies = (
			);
			name = ClipRecorder;
			productName = ClipRecorder;
			productReference = C14F0885255A26EF00E237E8 /* ClipRecorder.app */;
			productType = "com.apple.product-type.application";
		};
/* End PBXNativeTarget section */

/* Begin PBXProject section */
		C14F087D255A26EF00E237E8 /* Project object */ = {
			isa = PBXProject;
			attributes = {
				LastSwiftUpdateCheck = 1200;
				LastUpgradeCheck = 1200;
				TargetAttributes = {
					C14F0884255A26EF00E237E8 = {
						CreatedOnToolsVersion = 12.0.1;
					};
				};
			};
			buildConfigurationList = C14F0880255A26EF00E237E8 /* Build configuration list for PBXProject "ClipRecorder" */;
			compatibilityVersion = "Xcode 9.3";
			developmentRegion = en;
			hasScannedForEncodings = 0;
			knownRegions = (
				en,
				Base,
			);
			mainGroup = C14F087C255A26EF00E237E8;
			productRefGroup = C14F0886255A26EF00E237E8 /* Products */;
			projectDirPath = "";
			projectRoot = "";
			targets = (
				C14F0884255A26EF00E237E8 /* ClipRecorder */,
			);
		};
/* End PBXProject section */

/* Begin PBXResourcesBuildPhase section */
		C14F0883255A26EF00E237E8 /* Resources */ = {
			isa = PBXResourcesBuildPhase;
			buildActionMask = 2147483647;
			files = (
				C14F088D255A26F100E237E8 /* Assets.xcassets in Resources */,
				C14F0890255A26F100E237E8 /* Main.storyboard in Resources */,
			);
			runOnlyForDeploymentPostprocessing = 0;
		};
/* End PBXResourcesBuildPhase section */

/* Begin PBXShellScriptBuildPhase section */
		278F298F3E6144F883CAF13B /* [CP] Embed Pods Frameworks */ = {
			isa = PBXShellScriptBuildPhase;
			buildActionMask = 2147483647;
			files = (
			);
			inputFileListPaths = (
				"${PODS_ROOT}/Target Support Files/Pods-ClipRecorder/Pods-ClipRecorder-frameworks-${CONFIGURATION}-input-files.xcfilelist",
			);
			name = "[CP] Embed Pods Frameworks";
			outputFileListPaths = (
				"${PODS_ROOT}/Target Support Files/Pods-ClipRecorder/Pods-ClipRecorder-frameworks-${CONFIGURATION}-output-files.xcfilelist",
			);
			runOnlyForDeploymentPostprocessing = 0;
			shellPath = /bin/sh;
			shellScript = "\"${PODS_ROOT}/Target Support Files/Pods-ClipRecorder/Pods-ClipRecorder-frameworks.sh\"\n";
			showEnvVarsInLog = 0;
		};
		3388851E2FE7DB62771E2803 /* [CP] Check Pods Manifest.lock */ = {
			isa = PBXShellScriptBuildPhase;
			buildActionMask = 2147483647;
			files = (
			);
			inputFileListPaths = (
			);
			inputPaths = (
				"${PODS_PODFILE_DIR_PATH}/Podfile.lock",
				"${PODS_ROOT}/Manifest.lock",
			);
			name = "[CP] Check Pods Manifest.lock";
			outputFileListPaths = (
			);
			outputPaths = (
				"$(DERIVED_FILE_DIR)/Pods-ClipRecorder-checkManifestLockResult.txt",
			);
			runOnlyForDeploymentPostprocessing = 0;
			shellPath = /bin/sh;
			shellScript = "diff \"${PODS_PODFILE_DIR_PATH}/Podfile.lock\" \"${PODS_ROOT}/Manifest.lock\" > /dev/null\nif [ $? != 0 ] ; then\n    # print error to STDERR\n    echo \"error: The sandbox is not in sync with the Podfile.lock. Run 'pod install' or update your CocoaPods installation.\" >&2\n    exit 1\nfi\n# This output is used by Xcode 'outputs' to avoid re-running this script phase.\necho \"SUCCESS\" > \"${SCRIPT_OUTPUT_FILE_0}\"\n";
			showEnvVarsInLog = 0;
		};
/* End PBXShellScriptBuildPhase section */

/* Begin PBXSourcesBuildPhase section */
		C14F0881255A26EF00E237E8 /* Sources */ = {
			isa = PBXSourcesBuildPhase;
			buildActionMask = 2147483647;
			files = (
				C18507CF255C4E6F009E8DD2 /* EventManager.swift in Sources */,
				C10960492562E5B800BB3A55 /* NotificationName++.swift in Sources */,
				C146CBCA256473CF0025ACF7 /* ScreenDimensions.swift in Sources */,
				C1497743255B525400339C75 /* String+Truncate.swift in Sources */,
				C14F088B255A26EF00E237E8 /* QuickViewController.swift in Sources */,
				C18507D0255C4E6F009E8DD2 /* ClipManager.swift in Sources */,
				C14F0889255A26EF00E237E8 /* AppDelegate.swift in Sources */,
				C1276647255B58C800553686 /* Array+push.swift in Sources */,
				C14F089D255A307000E237E8 /* ClipBoardMenu.swift in Sources */,
				C16604A725628B1100F6B859 /* ShortCutManager.swift in Sources */,
			);
			runOnlyForDeploymentPostprocessing = 0;
		};
/* End PBXSourcesBuildPhase section */

/* Begin PBXVariantGroup section */
		C14F088E255A26F100E237E8 /* Main.storyboard */ = {
			isa = PBXVariantGroup;
			children = (
				C14F088F255A26F100E237E8 /* Base */,
			);
			name = Main.storyboard;
			sourceTree = "<group>";
		};
/* End PBXVariantGroup section */

/* Begin XCBuildConfiguration section */
		C14F0893255A26F100E237E8 /* Debug */ = {
			isa = XCBuildConfiguration;
			buildSettings = {
				ALWAYS_SEARCH_USER_PATHS = NO;
				CLANG_ANALYZER_NONNULL = YES;
				CLANG_ANALYZER_NUMBER_OBJECT_CONVERSION = YES_AGGRESSIVE;
				CLANG_CXX_LANGUAGE_STANDARD = "gnu++14";
				CLANG_CXX_LIBRARY = "libc++";
				CLANG_ENABLE_MODULES = YES;
				CLANG_ENABLE_OBJC_ARC = YES;
				CLANG_ENABLE_OBJC_WEAK = YES;
				CLANG_WARN_BLOCK_CAPTURE_AUTORELEASING = YES;
				CLANG_WARN_BOOL_CONVERSION = YES;
				CLANG_WARN_COMMA = YES;
				CLANG_WARN_CONSTANT_CONVERSION = YES;
				CLANG_WARN_DEPRECATED_OBJC_IMPLEMENTATIONS = YES;
				CLANG_WARN_DIRECT_OBJC_ISA_USAGE = YES_ERROR;
				CLANG_WARN_DOCUMENTATION_COMMENTS = YES;
				CLANG_WARN_EMPTY_BODY = YES;
				CLANG_WARN_ENUM_CONVERSION = YES;
				CLANG_WARN_INFINITE_RECURSION = YES;
				CLANG_WARN_INT_CONVERSION = YES;
				CLANG_WARN_NON_LITERAL_NULL_CONVERSION = YES;
				CLANG_WARN_OBJC_IMPLICIT_RETAIN_SELF = YES;
				CLANG_WARN_OBJC_LITERAL_CONVERSION = YES;
				CLANG_WARN_OBJC_ROOT_CLASS = YES_ERROR;
				CLANG_WARN_QUOTED_INCLUDE_IN_FRAMEWORK_HEADER = YES;
				CLANG_WARN_RANGE_LOOP_ANALYSIS = YES;
				CLANG_WARN_STRICT_PROTOTYPES = YES;
				CLANG_WARN_SUSPICIOUS_MOVE = YES;
				CLANG_WARN_UNGUARDED_AVAILABILITY = YES_AGGRESSIVE;
				CLANG_WARN_UNREACHABLE_CODE = YES;
				CLANG_WARN__DUPLICATE_METHOD_MATCH = YES;
				COPY_PHASE_STRIP = NO;
				DEBUG_INFORMATION_FORMAT = dwarf;
				ENABLE_STRICT_OBJC_MSGSEND = YES;
				ENABLE_TESTABILITY = YES;
				GCC_C_LANGUAGE_STANDARD = gnu11;
				GCC_DYNAMIC_NO_PIC = NO;
				GCC_NO_COMMON_BLOCKS = YES;
				GCC_OPTIMIZATION_LEVEL = 0;
				GCC_PREPROCESSOR_DEFINITIONS = (
					"DEBUG=1",
					"$(inherited)",
				);
				GCC_WARN_64_TO_32_BIT_CONVERSION = YES;
				GCC_WARN_ABOUT_RETURN_TYPE = YES_ERROR;
				GCC_WARN_UNDECLARED_SELECTOR = YES;
				GCC_WARN_UNINITIALIZED_AUTOS = YES_AGGRESSIVE;
				GCC_WARN_UNUSED_FUNCTION = YES;
				GCC_WARN_UNUSED_VARIABLE = YES;
				MACOSX_DEPLOYMENT_TARGET = 10.15;
				MTL_ENABLE_DEBUG_INFO = INCLUDE_SOURCE;
				MTL_FAST_MATH = YES;
				ONLY_ACTIVE_ARCH = YES;
				SDKROOT = macosx;
				SWIFT_ACTIVE_COMPILATION_CONDITIONS = DEBUG;
				SWIFT_OPTIMIZATION_LEVEL = "-Onone";
			};
			name = Debug;
		};
		C14F0894255A26F100E237E8 /* Release */ = {
			isa = XCBuildConfiguration;
			buildSettings = {
				ALWAYS_SEARCH_USER_PATHS = NO;
				CLANG_ANALYZER_NONNULL = YES;
				CLANG_ANALYZER_NUMBER_OBJECT_CONVERSION = YES_AGGRESSIVE;
				CLANG_CXX_LANGUAGE_STANDARD = "gnu++14";
				CLANG_CXX_LIBRARY = "libc++";
				CLANG_ENABLE_MODULES = YES;
				CLANG_ENABLE_OBJC_ARC = YES;
				CLANG_ENABLE_OBJC_WEAK = YES;
				CLANG_WARN_BLOCK_CAPTURE_AUTORELEASING = YES;
				CLANG_WARN_BOOL_CONVERSION = YES;
				CLANG_WARN_COMMA = YES;
				CLANG_WARN_CONSTANT_CONVERSION = YES;
				CLANG_WARN_DEPRECATED_OBJC_IMPLEMENTATIONS = YES;
				CLANG_WARN_DIRECT_OBJC_ISA_USAGE = YES_ERROR;
				CLANG_WARN_DOCUMENTATION_COMMENTS = YES;
				CLANG_WARN_EMPTY_BODY = YES;
				CLANG_WARN_ENUM_CONVERSION = YES;
				CLANG_WARN_INFINITE_RECURSION = YES;
				CLANG_WARN_INT_CONVERSION = YES;
				CLANG_WARN_NON_LITERAL_NULL_CONVERSION = YES;
				CLANG_WARN_OBJC_IMPLICIT_RETAIN_SELF = YES;
				CLANG_WARN_OBJC_LITERAL_CONVERSION = YES;
				CLANG_WARN_OBJC_ROOT_CLASS = YES_ERROR;
				CLANG_WARN_QUOTED_INCLUDE_IN_FRAMEWORK_HEADER = YES;
				CLANG_WARN_RANGE_LOOP_ANALYSIS = YES;
				CLANG_WARN_STRICT_PROTOTYPES = YES;
				CLANG_WARN_SUSPICIOUS_MOVE = YES;
				CLANG_WARN_UNGUARDED_AVAILABILITY = YES_AGGRESSIVE;
				CLANG_WARN_UNREACHABLE_CODE = YES;
				CLANG_WARN__DUPLICATE_METHOD_MATCH = YES;
				COPY_PHASE_STRIP = NO;
				DEBUG_INFORMATION_FORMAT = "dwarf-with-dsym";
				ENABLE_NS_ASSERTIONS = NO;
				ENABLE_STRICT_OBJC_MSGSEND = YES;
				GCC_C_LANGUAGE_STANDARD = gnu11;
				GCC_NO_COMMON_BLOCKS = YES;
				GCC_WARN_64_TO_32_BIT_CONVERSION = YES;
				GCC_WARN_ABOUT_RETURN_TYPE = YES_ERROR;
				GCC_WARN_UNDECLARED_SELECTOR = YES;
				GCC_WARN_UNINITIALIZED_AUTOS = YES_AGGRESSIVE;
				GCC_WARN_UNUSED_FUNCTION = YES;
				GCC_WARN_UNUSED_VARIABLE = YES;
				MACOSX_DEPLOYMENT_TARGET = 10.15;
				MTL_ENABLE_DEBUG_INFO = NO;
				MTL_FAST_MATH = YES;
				SDKROOT = macosx;
				SWIFT_COMPILATION_MODE = wholemodule;
				SWIFT_OPTIMIZATION_LEVEL = "-O";
			};
			name = Release;
		};
		C14F0896255A26F100E237E8 /* Debug */ = {
			isa = XCBuildConfiguration;
			baseConfigurationReference = E02DE3EA8EEECECB58FA6643 /* Pods-ClipRecorder.debug.xcconfig */;
			buildSettings = {
				ASSETCATALOG_COMPILER_APPICON_NAME = AppIcon;
				ASSETCATALOG_COMPILER_GLOBAL_ACCENT_COLOR_NAME = AccentColor;
				CODE_SIGN_ENTITLEMENTS = ClipRecorder/ClipRecorder.entitlements;
				CODE_SIGN_STYLE = Automatic;
				COMBINE_HIDPI_IMAGES = YES;
				DEVELOPMENT_TEAM = RRULW6ZM98;
				ENABLE_HARDENED_RUNTIME = YES;
				INFOPLIST_FILE = ClipRecorder/Info.plist;
				LD_RUNPATH_SEARCH_PATHS = (
					"$(inherited)",
					"@executable_path/../Frameworks",
				);
				PRODUCT_BUNDLE_IDENTIFIER = com.danieldesan.ClipRecorder;
				PRODUCT_NAME = "$(TARGET_NAME)";
				SWIFT_VERSION = 5.0;
			};
			name = Debug;
		};
		C14F0897255A26F100E237E8 /* Release */ = {
			isa = XCBuildConfiguration;
			baseConfigurationReference = 6233057ED0687896E04A37C4 /* Pods-ClipRecorder.release.xcconfig */;
			buildSettings = {
				ASSETCATALOG_COMPILER_APPICON_NAME = AppIcon;
				ASSETCATALOG_COMPILER_GLOBAL_ACCENT_COLOR_NAME = AccentColor;
				CODE_SIGN_ENTITLEMENTS = ClipRecorder/ClipRecorder.entitlements;
				CODE_SIGN_STYLE = Automatic;
				COMBINE_HIDPI_IMAGES = YES;
				DEVELOPMENT_TEAM = RRULW6ZM98;
				ENABLE_HARDENED_RUNTIME = YES;
				INFOPLIST_FILE = ClipRecorder/Info.plist;
				LD_RUNPATH_SEARCH_PATHS = (
					"$(inherited)",
					"@executable_path/../Frameworks",
				);
				PRODUCT_BUNDLE_IDENTIFIER = com.danieldesan.ClipRecorder;
				PRODUCT_NAME = "$(TARGET_NAME)";
				SWIFT_VERSION = 5.0;
			};
			name = Release;
		};
/* End XCBuildConfiguration section */

/* Begin XCConfigurationList section */
		C14F0880255A26EF00E237E8 /* Build configuration list for PBXProject "ClipRecorder" */ = {
			isa = XCConfigurationList;
			buildConfigurations = (
				C14F0893255A26F100E237E8 /* Debug */,
				C14F0894255A26F100E237E8 /* Release */,
			);
			defaultConfigurationIsVisible = 0;
			defaultConfigurationName = Release;
		};
		C14F0895255A26F100E237E8 /* Build configuration list for PBXNativeTarget "ClipRecorder" */ = {
			isa = XCConfigurationList;
			buildConfigurations = (
				C14F0896255A26F100E237E8 /* Debug */,
				C14F0897255A26F100E237E8 /* Release */,
			);
			defaultConfigurationIsVisible = 0;
			defaultConfigurationName = Release;
		};
/* End XCConfigurationList section */
	};
	rootObject = C14F087D255A26EF00E237E8 /* Project object */;
}
